
Microsoft Visual Studio Solution File, Format Version 12.00
# Visual Studio Version 17
VisualStudioVersion = 17.0.31903.59
MinimumVisualStudioVersion = 10.0.40219.1
Project("{2150E333-8FDC-42A3-9474-1A3956D46DE8}") = "src", "src", "{2C86453B-68EB-4622-B74A-950EAA0B18E8}"
EndProject
Project("{FAE04EC0-301F-11D3-BF4B-00C04F79EFBC}") = "PdqHash", "src\PdqHash\PdqHash.csproj", "{486E641E-637D-411A-8918-2D886B11AC92}"
EndProject
Project("{2150E333-8FDC-42A3-9474-1A3956D46DE8}") = "test", "test", "{882BDC75-BBAE-4535-ACDB-D824A5FCF9E0}"
EndProject
Project("{FAE04EC0-301F-11D3-BF4B-00C04F79EFBC}") = "PdqHash.Tests", "test\PdqHash.Tests\PdqHash.Tests.csproj", "{7513CF99-C12A-4420-ACCC-77FA89A127C4}"
EndProject
Global
	GlobalSection(SolutionConfigurationPlatforms) = preSolution
		Debug|Any CPU = Debug|Any CPU
		Release|Any CPU = Release|Any CPU
	EndGlobalSection
	GlobalSection(SolutionProperties) = preSolution
		HideSolutionNode = FALSE
	EndGlobalSection
	GlobalSection(ProjectConfigurationPlatforms) = postSolution
		{486E641E-637D-411A-8918-2D886B11AC92}.Debug|Any CPU.ActiveCfg = Debug|Any CPU
		{486E641E-637D-411A-8918-2D886B11AC92}.Debug|Any CPU.Build.0 = Debug|Any CPU
		{486E641E-637D-411A-8918-2D886B11AC92}.Release|Any CPU.ActiveCfg = Release|Any CPU
		{486E641E-637D-411A-8918-2D886B11AC92}.Release|Any CPU.Build.0 = Release|Any CPU
		{7513CF99-C12A-4420-ACCC-77FA89A127C4}.Debug|Any CPU.ActiveCfg = Debug|Any CPU
		{7513CF99-C12A-4420-ACCC-77FA89A127C4}.Debug|Any CPU.Build.0 = Debug|Any CPU
		{7513CF99-C12A-4420-ACCC-77FA89A127C4}.Release|Any CPU.ActiveCfg = Release|Any CPU
		{7513CF99-C12A-4420-ACCC-77FA89A127C4}.Release|Any CPU.Build.0 = Release|Any CPU
	EndGlobalSection
	GlobalSection(NestedProjects) = preSolution
		{486E641E-637D-411A-8918-2D886B11AC92} = {2C86453B-68EB-4622-B74A-950EAA0B18E8}
		{7513CF99-C12A-4420-ACCC-77FA89A127C4} = {882BDC75-BBAE-4535-ACDB-D824A5FCF9E0}
	EndGlobalSection
EndGlobal
